
Microsoft Visual Studio Solution File, Format Version 12.00
# Visual Studio Version 16
VisualStudioVersion = 16.0.30804.86
MinimumVisualStudioVersion = 10.0.40219.1
Project("{FAE04EC0-301F-11D3-BF4B-00C04F79EFBC}") = "Umbraco", "Umbraco.csproj", "{60483938-4F5C-48C2-83EB-C5115F73186F}"
EndProject
Global
	GlobalSection(SolutionConfigurationPlatforms) = preSolution
		Debug|Any CPU = Debug|Any CPU
		LIVE|Any CPU = LIVE|Any CPU
	EndGlobalSection
	GlobalSection(ProjectConfigurationPlatforms) = postSolution
		{60483938-4F5C-48C2-83EB-C5115F73186F}.Debug|Any CPU.ActiveCfg = Debug|Any CPU
		{60483938-4F5C-48C2-83EB-C5115F73186F}.Debug|Any CPU.Build.0 = Debug|Any CPU
		{60483938-4F5C-48C2-83EB-C5115F73186F}.LIVE|Any CPU.ActiveCfg = LIVE|Any CPU
		{60483938-4F5C-48C2-83EB-C5115F73186F}.LIVE|Any CPU.Build.0 = LIVE|Any CPU
	EndGlobalSection
	GlobalSection(SolutionProperties) = preSolution
		HideSolutionNode = FALSE
	EndGlobalSection
	GlobalSection(ExtensibilityGlobals) = postSolution
		SolutionGuid = {74EA2B58-AF66-4B15-BB64-E29ABD4E95F0}
	EndGlobalSection
EndGlobal
